
Microsoft Visual Studio Solution File, Format Version 12.00
# Visual Studio Version 17
VisualStudioVersion = 17.3.32825.248
MinimumVisualStudioVersion = 10.0.40219.1
Project("{FAE04EC0-301F-11D3-BF4B-00C04F79EFBC}") = "MyShop", "MyShop.csproj", "{DBDA9EAA-FFEA-4FDD-8F15-FC09114012F5}"
EndProject
Project("{FAE04EC0-301F-11D3-BF4B-00C04F79EFBC}") = "MyShopTest", "..\MyShopTest\MyShopTest.csproj", "{18F56D97-78E4-4375-9B5C-79C4E37A1F61}"
EndProject
Global
	GlobalSection(SolutionConfigurationPlatforms) = preSolution
		Debug|Any CPU = Debug|Any CPU
		Release|Any CPU = Release|Any CPU
	EndGlobalSection
	GlobalSection(ProjectConfigurationPlatforms) = postSolution
		{DBDA9EAA-FFEA-4FDD-8F15-FC09114012F5}.Debug|Any CPU.ActiveCfg = Debug|Any CPU
		{DBDA9EAA-FFEA-4FDD-8F15-FC09114012F5}.Debug|Any CPU.Build.0 = Debug|Any CPU
		{DBDA9EAA-FFEA-4FDD-8F15-FC09114012F5}.Release|Any CPU.ActiveCfg = Release|Any CPU
		{DBDA9EAA-FFEA-4FDD-8F15-FC09114012F5}.Release|Any CPU.Build.0 = Release|Any CPU
		{18F56D97-78E4-4375-9B5C-79C4E37A1F61}.Debug|Any CPU.ActiveCfg = Debug|Any CPU
		{18F56D97-78E4-4375-9B5C-79C4E37A1F61}.Debug|Any CPU.Build.0 = Debug|Any CPU
		{18F56D97-78E4-4375-9B5C-79C4E37A1F61}.Release|Any CPU.ActiveCfg = Release|Any CPU
		{18F56D97-78E4-4375-9B5C-79C4E37A1F61}.Release|Any CPU.Build.0 = Release|Any CPU
	EndGlobalSection
	GlobalSection(SolutionProperties) = preSolution
		HideSolutionNode = FALSE
	EndGlobalSection
	GlobalSection(ExtensibilityGlobals) = postSolution
		SolutionGuid = {5D8119E5-24D5-43BF-A339-73FCCD2DBDFB}
	EndGlobalSection
EndGlobal
